{
  "name": "@hawtio/core-dts",
  "version": "3.0.9",
  "lockfileVersion": 1,
  "dependencies": {
    "@types/jquery": {
      "version": "2.0.46",
      "resolved": "https://registry.npmjs.org/@types/jquery/-/jquery-2.0.46.tgz",
      "integrity": "sha512-U64bkZqTfFi4HXHqOckD1Uxvg+oPooCjD5bQ10t9xOG5Ke6cR8tFnvERXrQtrRWvgS428nhAL1V8qv1b88kgyQ=="
    }
  }
}
